
Microsoft Visual Studio Solution File, Format Version 12.00
# Visual Studio Version 16
VisualStudioVersion = 16.0.29926.136
MinimumVisualStudioVersion = 10.0.40219.1
Project("{FAE04EC0-301F-11D3-BF4B-00C04F79EFBC}") = "WebApplication1", "WebApplication1\WebApplication1.csproj", "{03F17A54-EFB7-45A7-BA0B-2A3EFA793459}"
EndProject
Global
	GlobalSection(SolutionConfigurationPlatforms) = preSolution
		Debug|Any CPU = Debug|Any CPU
		Release|Any CPU = Release|Any CPU
	EndGlobalSection
	GlobalSection(ProjectConfigurationPlatforms) = postSolution
		{03F17A54-EFB7-45A7-BA0B-2A3EFA793459}.Debug|Any CPU.ActiveCfg = Debug|Any CPU
		{03F17A54-EFB7-45A7-BA0B-2A3EFA793459}.Debug|Any CPU.Build.0 = Debug|Any CPU
		{03F17A54-EFB7-45A7-BA0B-2A3EFA793459}.Release|Any CPU.ActiveCfg = Release|Any CPU
		{03F17A54-EFB7-45A7-BA0B-2A3EFA793459}.Release|Any CPU.Build.0 = Release|Any CPU
	EndGlobalSection
	GlobalSection(SolutionProperties) = preSolution
		HideSolutionNode = FALSE
	EndGlobalSection
	GlobalSection(ExtensibilityGlobals) = postSolution
		SolutionGuid = {1053E464-2811-4E42-BA29-86EC6A515267}
	EndGlobalSection
EndGlobal
